
Microsoft Visual Studio Solution File, Format Version 12.00
# Visual Studio Version 17
VisualStudioVersion = 17.4.33213.308
MinimumVisualStudioVersion = 10.0.40219.1
Project("{FAE04EC0-301F-11D3-BF4B-00C04F79EFBC}") = "BankSystem", "BankSystem\BankSystem.csproj", "{F25DB5AE-56F8-4A65-A6CC-0C3FF3F4A5D4}"
EndProject
Project("{2150E333-8FDC-42A3-9474-1A3956D46DE8}") = "Solution Items", "Solution Items", "{60538671-6B2A-427D-B468-D186BCE19C40}"
	ProjectSection(SolutionItems) = preProject
		.gitignore = .gitignore
	EndProjectSection
EndProject
Project("{FAE04EC0-301F-11D3-BF4B-00C04F79EFBC}") = "FileSequence", "FileSequence\FileSequence.csproj", "{11213A20-858E-4D6F-A72B-D423EF57F35E}"
EndProject
Project("{FAE04EC0-301F-11D3-BF4B-00C04F79EFBC}") = "FilePercent", "FilePercent\FilePercent.csproj", "{4D8378C0-F9F9-456B-BC5A-00A274BA800F}"
EndProject
Global
	GlobalSection(SolutionConfigurationPlatforms) = preSolution
		Debug|Any CPU = Debug|Any CPU
		Release|Any CPU = Release|Any CPU
	EndGlobalSection
	GlobalSection(ProjectConfigurationPlatforms) = postSolution
		{F25DB5AE-56F8-4A65-A6CC-0C3FF3F4A5D4}.Debug|Any CPU.ActiveCfg = Debug|Any CPU
		{F25DB5AE-56F8-4A65-A6CC-0C3FF3F4A5D4}.Debug|Any CPU.Build.0 = Debug|Any CPU
		{F25DB5AE-56F8-4A65-A6CC-0C3FF3F4A5D4}.Release|Any CPU.ActiveCfg = Release|Any CPU
		{F25DB5AE-56F8-4A65-A6CC-0C3FF3F4A5D4}.Release|Any CPU.Build.0 = Release|Any CPU
		{11213A20-858E-4D6F-A72B-D423EF57F35E}.Debug|Any CPU.ActiveCfg = Debug|Any CPU
		{11213A20-858E-4D6F-A72B-D423EF57F35E}.Debug|Any CPU.Build.0 = Debug|Any CPU
		{11213A20-858E-4D6F-A72B-D423EF57F35E}.Release|Any CPU.ActiveCfg = Release|Any CPU
		{11213A20-858E-4D6F-A72B-D423EF57F35E}.Release|Any CPU.Build.0 = Release|Any CPU
		{4D8378C0-F9F9-456B-BC5A-00A274BA800F}.Debug|Any CPU.ActiveCfg = Debug|Any CPU
		{4D8378C0-F9F9-456B-BC5A-00A274BA800F}.Debug|Any CPU.Build.0 = Debug|Any CPU
		{4D8378C0-F9F9-456B-BC5A-00A274BA800F}.Release|Any CPU.ActiveCfg = Release|Any CPU
		{4D8378C0-F9F9-456B-BC5A-00A274BA800F}.Release|Any CPU.Build.0 = Release|Any CPU
	EndGlobalSection
	GlobalSection(SolutionProperties) = preSolution
		HideSolutionNode = FALSE
	EndGlobalSection
	GlobalSection(ExtensibilityGlobals) = postSolution
		SolutionGuid = {BB69515E-51C5-4ED1-93C9-8FED414E02D5}
	EndGlobalSection
EndGlobal
